
Microsoft Visual Studio Solution File, Format Version 12.00
# Visual Studio Version 17
VisualStudioVersion = 17.4.32916.344
MinimumVisualStudioVersion = 10.0.40219.1
Project("{9A19103F-16F7-4668-BE54-9A1E7A4F7556}") = "OBJECTSOCIALWebsite.Server", "OBJECTSOCIALWebsite\Server\OBJECTSOCIALWebsite.Server.csproj", "{17776FF3-0C59-4952-8003-B89C79F64DE9}"
EndProject
Project("{9A19103F-16F7-4668-BE54-9A1E7A4F7556}") = "OBJECTSOCIALWebsite.Client", "OBJECTSOCIALWebsite\Client\OBJECTSOCIALWebsite.Client.csproj", "{3FD6813C-D469-4E84-8914-58FAA77DC3F4}"
EndProject
Project("{2150E333-8FDC-42A3-9474-1A3956D46DE8}") = "Website Client", "Website Client", "{EC89BAF9-B9BB-4913-8172-B366CA30FA8E}"
EndProject
Project("{2150E333-8FDC-42A3-9474-1A3956D46DE8}") = "Website Server", "Website Server", "{98B3BF0E-6E4E-4C02-81A4-E0CD20D97028}"
EndProject
Project("{9A19103F-16F7-4668-BE54-9A1E7A4F7556}") = "MemoryClaimsWebsite.Server", "MemoryClaimsWebsite\Server\MemoryClaimsWebsite.Server.csproj", "{91E6F6C8-5EA8-433C-98F1-032598B67A2F}"
EndProject
Project("{9A19103F-16F7-4668-BE54-9A1E7A4F7556}") = "MemoryClaimsWebsite.Client", "MemoryClaimsWebsite\Client\MemoryClaimsWebsite.Client.csproj", "{224E4620-529E-4C5D-9ECA-1E8106892C21}"
EndProject
Project("{9A19103F-16F7-4668-BE54-9A1E7A4F7556}") = "GoodClaimsWebsite.Server", "GoodClaimsWebsite\Server\GoodClaimsWebsite.Server.csproj", "{40FD4857-0AD0-4ACA-8962-A7B79E9C1A41}"
EndProject
Project("{9A19103F-16F7-4668-BE54-9A1E7A4F7556}") = "GoodClaimsWebsite.Client", "GoodClaimsWebsite\Client\GoodClaimsWebsite.Client.csproj", "{CCF1312B-37EF-49B8-A966-48FD444B4ECA}"
EndProject
Project("{9A19103F-16F7-4668-BE54-9A1E7A4F7556}") = "BadClaimsWebsite.Server", "BadClaimsWebsite\Server\BadClaimsWebsite.Server.csproj", "{DE57CA55-5E17-4AB9-A449-B52A487E055A}"
EndProject
Project("{9A19103F-16F7-4668-BE54-9A1E7A4F7556}") = "BadClaimsWebsite.Client", "BadClaimsWebsite\Client\BadClaimsWebsite.Client.csproj", "{3BF374A9-A4F1-4BB1-8EDF-658B872CB5C0}"
EndProject
Project("{9A19103F-16F7-4668-BE54-9A1E7A4F7556}") = "Claims", "Claims\Claims.csproj", "{A8EC1375-DD5F-45D4-A98D-E287F1FAD007}"
EndProject
Project("{9A19103F-16F7-4668-BE54-9A1E7A4F7556}") = "OBJECTSOCIAL", "OBJECTSOCIAL\OBJECTSOCIAL.csproj", "{980890E2-8075-44B6-88D9-99F69FCA266B}"
EndProject
Project("{2150E333-8FDC-42A3-9474-1A3956D46DE8}") = "Private terminal", "Private terminal", "{115F9CD4-E6C1-41D3-BDB8-3C67B05BC247}"
EndProject
Project("{2150E333-8FDC-42A3-9474-1A3956D46DE8}") = "Business terminal", "Business terminal", "{1FD72588-F3F7-426F-9FA7-704540012E1B}"
EndProject
Project("{9A19103F-16F7-4668-BE54-9A1E7A4F7556}") = "Shared", "Shared\Shared.csproj", "{D71F1FF1-D0B1-4C00-BEF2-BBFBA59925E2}"
EndProject
Project("{2150E333-8FDC-42A3-9474-1A3956D46DE8}") = "Only for website client", "Only for website client", "{498B5E69-D96D-46EC-9F97-05689270F5AB}"
EndProject
Project("{2150E333-8FDC-42A3-9474-1A3956D46DE8}") = "Only for MAUI client", "Only for MAUI client", "{AC415986-5B73-4EEA-BC99-818DDF6313C7}"
EndProject
Project("{9A19103F-16F7-4668-BE54-9A1E7A4F7556}") = "OnlyForMAUIClient", "OnlyForMAUIClient\OnlyForMAUIClient.csproj", "{F87803E0-57C4-4E15-9EFF-7F635F400193}"
EndProject
Project("{9A19103F-16F7-4668-BE54-9A1E7A4F7556}") = "OnlyForWebsiteClient", "OnlyForWebsiteClient\OnlyForWebsiteClient.csproj", "{223CBEDA-7B96-46DA-B2F7-2992F83794B1}"
EndProject
Project("{9A19103F-16F7-4668-BE54-9A1E7A4F7556}") = "Backstage", "Backstage\Backstage.csproj", "{16880659-0251-4E7F-A3E9-F439F3E2B237}"
EndProject
Project("{2150E333-8FDC-42A3-9474-1A3956D46DE8}") = "Client Software", "Client Software", "{6604FF1D-0BBC-4D94-BBEF-A5C833CD76DC}"
EndProject
Project("{9A19103F-16F7-4668-BE54-9A1E7A4F7556}") = "Standard", "Standard\Standard.csproj", "{5586ADC8-B828-4950-B92D-FE82F32643DD}"
EndProject
Project("{2150E333-8FDC-42A3-9474-1A3956D46DE8}") = "MAUI client", "MAUI client", "{5C3F8F23-CB21-4D0D-9072-575A34CD7AA2}"
EndProject
Project("{2150E333-8FDC-42A3-9474-1A3956D46DE8}") = "Server Software", "Server Software", "{F0AA2745-BAF2-4698-BDED-89358EE6144E}"
EndProject
Project("{FAE04EC0-301F-11D3-BF4B-00C04F79EFBC}") = "ClaimsMAUIClient", "ClaimsMAUIClient\ClaimsMAUIClient.csproj", "{D27BB568-0E09-4BF8-9D6A-9E64762DE4DC}"
EndProject
Project("{FAE04EC0-301F-11D3-BF4B-00C04F79EFBC}") = "OBJECTSOCIALMAUIClient", "OBJECTSOCIALMAUIClient\OBJECTSOCIALMAUIClient.csproj", "{A88041A3-D477-412E-9783-2B204BC1D7D0}"
EndProject
Global
	GlobalSection(SolutionConfigurationPlatforms) = preSolution
		Debug|Any CPU = Debug|Any CPU
		Release|Any CPU = Release|Any CPU
	EndGlobalSection
	GlobalSection(ProjectConfigurationPlatforms) = postSolution
		{17776FF3-0C59-4952-8003-B89C79F64DE9}.Debug|Any CPU.ActiveCfg = Debug|Any CPU
		{17776FF3-0C59-4952-8003-B89C79F64DE9}.Debug|Any CPU.Build.0 = Debug|Any CPU
		{17776FF3-0C59-4952-8003-B89C79F64DE9}.Release|Any CPU.ActiveCfg = Release|Any CPU
		{17776FF3-0C59-4952-8003-B89C79F64DE9}.Release|Any CPU.Build.0 = Release|Any CPU
		{3FD6813C-D469-4E84-8914-58FAA77DC3F4}.Debug|Any CPU.ActiveCfg = Debug|Any CPU
		{3FD6813C-D469-4E84-8914-58FAA77DC3F4}.Debug|Any CPU.Build.0 = Debug|Any CPU
		{3FD6813C-D469-4E84-8914-58FAA77DC3F4}.Release|Any CPU.ActiveCfg = Release|Any CPU
		{3FD6813C-D469-4E84-8914-58FAA77DC3F4}.Release|Any CPU.Build.0 = Release|Any CPU
		{91E6F6C8-5EA8-433C-98F1-032598B67A2F}.Debug|Any CPU.ActiveCfg = Debug|Any CPU
		{91E6F6C8-5EA8-433C-98F1-032598B67A2F}.Debug|Any CPU.Build.0 = Debug|Any CPU
		{91E6F6C8-5EA8-433C-98F1-032598B67A2F}.Release|Any CPU.ActiveCfg = Release|Any CPU
		{91E6F6C8-5EA8-433C-98F1-032598B67A2F}.Release|Any CPU.Build.0 = Release|Any CPU
		{224E4620-529E-4C5D-9ECA-1E8106892C21}.Debug|Any CPU.ActiveCfg = Debug|Any CPU
		{224E4620-529E-4C5D-9ECA-1E8106892C21}.Debug|Any CPU.Build.0 = Debug|Any CPU
		{224E4620-529E-4C5D-9ECA-1E8106892C21}.Release|Any CPU.ActiveCfg = Release|Any CPU
		{224E4620-529E-4C5D-9ECA-1E8106892C21}.Release|Any CPU.Build.0 = Release|Any CPU
		{40FD4857-0AD0-4ACA-8962-A7B79E9C1A41}.Debug|Any CPU.ActiveCfg = Debug|Any CPU
		{40FD4857-0AD0-4ACA-8962-A7B79E9C1A41}.Debug|Any CPU.Build.0 = Debug|Any CPU
		{40FD4857-0AD0-4ACA-8962-A7B79E9C1A41}.Release|Any CPU.ActiveCfg = Release|Any CPU
		{40FD4857-0AD0-4ACA-8962-A7B79E9C1A41}.Release|Any CPU.Build.0 = Release|Any CPU
		{CCF1312B-37EF-49B8-A966-48FD444B4ECA}.Debug|Any CPU.ActiveCfg = Debug|Any CPU
		{CCF1312B-37EF-49B8-A966-48FD444B4ECA}.Debug|Any CPU.Build.0 = Debug|Any CPU
		{CCF1312B-37EF-49B8-A966-48FD444B4ECA}.Release|Any CPU.ActiveCfg = Release|Any CPU
		{CCF1312B-37EF-49B8-A966-48FD444B4ECA}.Release|Any CPU.Build.0 = Release|Any CPU
		{DE57CA55-5E17-4AB9-A449-B52A487E055A}.Debug|Any CPU.ActiveCfg = Debug|Any CPU
		{DE57CA55-5E17-4AB9-A449-B52A487E055A}.Debug|Any CPU.Build.0 = Debug|Any CPU
		{DE57CA55-5E17-4AB9-A449-B52A487E055A}.Release|Any CPU.ActiveCfg = Release|Any CPU
		{DE57CA55-5E17-4AB9-A449-B52A487E055A}.Release|Any CPU.Build.0 = Release|Any CPU
		{3BF374A9-A4F1-4BB1-8EDF-658B872CB5C0}.Debug|Any CPU.ActiveCfg = Debug|Any CPU
		{3BF374A9-A4F1-4BB1-8EDF-658B872CB5C0}.Debug|Any CPU.Build.0 = Debug|Any CPU
		{3BF374A9-A4F1-4BB1-8EDF-658B872CB5C0}.Release|Any CPU.ActiveCfg = Release|Any CPU
		{3BF374A9-A4F1-4BB1-8EDF-658B872CB5C0}.Release|Any CPU.Build.0 = Release|Any CPU
		{A8EC1375-DD5F-45D4-A98D-E287F1FAD007}.Debug|Any CPU.ActiveCfg = Debug|Any CPU
		{A8EC1375-DD5F-45D4-A98D-E287F1FAD007}.Debug|Any CPU.Build.0 = Debug|Any CPU
		{A8EC1375-DD5F-45D4-A98D-E287F1FAD007}.Release|Any CPU.ActiveCfg = Release|Any CPU
		{A8EC1375-DD5F-45D4-A98D-E287F1FAD007}.Release|Any CPU.Build.0 = Release|Any CPU
		{980890E2-8075-44B6-88D9-99F69FCA266B}.Debug|Any CPU.ActiveCfg = Debug|Any CPU
		{980890E2-8075-44B6-88D9-99F69FCA266B}.Debug|Any CPU.Build.0 = Debug|Any CPU
		{980890E2-8075-44B6-88D9-99F69FCA266B}.Release|Any CPU.ActiveCfg = Release|Any CPU
		{980890E2-8075-44B6-88D9-99F69FCA266B}.Release|Any CPU.Build.0 = Release|Any CPU
		{D71F1FF1-D0B1-4C00-BEF2-BBFBA59925E2}.Debug|Any CPU.ActiveCfg = Debug|Any CPU
		{D71F1FF1-D0B1-4C00-BEF2-BBFBA59925E2}.Debug|Any CPU.Build.0 = Debug|Any CPU
		{D71F1FF1-D0B1-4C00-BEF2-BBFBA59925E2}.Release|Any CPU.ActiveCfg = Release|Any CPU
		{D71F1FF1-D0B1-4C00-BEF2-BBFBA59925E2}.Release|Any CPU.Build.0 = Release|Any CPU
		{F87803E0-57C4-4E15-9EFF-7F635F400193}.Debug|Any CPU.ActiveCfg = Debug|Any CPU
		{F87803E0-57C4-4E15-9EFF-7F635F400193}.Debug|Any CPU.Build.0 = Debug|Any CPU
		{F87803E0-57C4-4E15-9EFF-7F635F400193}.Release|Any CPU.ActiveCfg = Release|Any CPU
		{F87803E0-57C4-4E15-9EFF-7F635F400193}.Release|Any CPU.Build.0 = Release|Any CPU
		{223CBEDA-7B96-46DA-B2F7-2992F83794B1}.Debug|Any CPU.ActiveCfg = Debug|Any CPU
		{223CBEDA-7B96-46DA-B2F7-2992F83794B1}.Debug|Any CPU.Build.0 = Debug|Any CPU
		{223CBEDA-7B96-46DA-B2F7-2992F83794B1}.Release|Any CPU.ActiveCfg = Release|Any CPU
		{223CBEDA-7B96-46DA-B2F7-2992F83794B1}.Release|Any CPU.Build.0 = Release|Any CPU
		{16880659-0251-4E7F-A3E9-F439F3E2B237}.Debug|Any CPU.ActiveCfg = Debug|Any CPU
		{16880659-0251-4E7F-A3E9-F439F3E2B237}.Debug|Any CPU.Build.0 = Debug|Any CPU
		{16880659-0251-4E7F-A3E9-F439F3E2B237}.Release|Any CPU.ActiveCfg = Release|Any CPU
		{16880659-0251-4E7F-A3E9-F439F3E2B237}.Release|Any CPU.Build.0 = Release|Any CPU
		{5586ADC8-B828-4950-B92D-FE82F32643DD}.Debug|Any CPU.ActiveCfg = Debug|Any CPU
		{5586ADC8-B828-4950-B92D-FE82F32643DD}.Debug|Any CPU.Build.0 = Debug|Any CPU
		{5586ADC8-B828-4950-B92D-FE82F32643DD}.Release|Any CPU.ActiveCfg = Release|Any CPU
		{5586ADC8-B828-4950-B92D-FE82F32643DD}.Release|Any CPU.Build.0 = Release|Any CPU
		{D27BB568-0E09-4BF8-9D6A-9E64762DE4DC}.Debug|Any CPU.ActiveCfg = Debug|Any CPU
		{D27BB568-0E09-4BF8-9D6A-9E64762DE4DC}.Debug|Any CPU.Build.0 = Debug|Any CPU
		{D27BB568-0E09-4BF8-9D6A-9E64762DE4DC}.Debug|Any CPU.Deploy.0 = Debug|Any CPU
		{D27BB568-0E09-4BF8-9D6A-9E64762DE4DC}.Release|Any CPU.ActiveCfg = Release|Any CPU
		{D27BB568-0E09-4BF8-9D6A-9E64762DE4DC}.Release|Any CPU.Build.0 = Release|Any CPU
		{D27BB568-0E09-4BF8-9D6A-9E64762DE4DC}.Release|Any CPU.Deploy.0 = Release|Any CPU
		{A88041A3-D477-412E-9783-2B204BC1D7D0}.Debug|Any CPU.ActiveCfg = Debug|Any CPU
		{A88041A3-D477-412E-9783-2B204BC1D7D0}.Debug|Any CPU.Build.0 = Debug|Any CPU
		{A88041A3-D477-412E-9783-2B204BC1D7D0}.Debug|Any CPU.Deploy.0 = Debug|Any CPU
		{A88041A3-D477-412E-9783-2B204BC1D7D0}.Release|Any CPU.ActiveCfg = Release|Any CPU
		{A88041A3-D477-412E-9783-2B204BC1D7D0}.Release|Any CPU.Build.0 = Release|Any CPU
		{A88041A3-D477-412E-9783-2B204BC1D7D0}.Release|Any CPU.Deploy.0 = Release|Any CPU
	EndGlobalSection
	GlobalSection(SolutionProperties) = preSolution
		HideSolutionNode = FALSE
	EndGlobalSection
	GlobalSection(NestedProjects) = preSolution
		{17776FF3-0C59-4952-8003-B89C79F64DE9} = {98B3BF0E-6E4E-4C02-81A4-E0CD20D97028}
		{3FD6813C-D469-4E84-8914-58FAA77DC3F4} = {EC89BAF9-B9BB-4913-8172-B366CA30FA8E}
		{91E6F6C8-5EA8-433C-98F1-032598B67A2F} = {98B3BF0E-6E4E-4C02-81A4-E0CD20D97028}
		{224E4620-529E-4C5D-9ECA-1E8106892C21} = {EC89BAF9-B9BB-4913-8172-B366CA30FA8E}
		{40FD4857-0AD0-4ACA-8962-A7B79E9C1A41} = {98B3BF0E-6E4E-4C02-81A4-E0CD20D97028}
		{CCF1312B-37EF-49B8-A966-48FD444B4ECA} = {EC89BAF9-B9BB-4913-8172-B366CA30FA8E}
		{DE57CA55-5E17-4AB9-A449-B52A487E055A} = {98B3BF0E-6E4E-4C02-81A4-E0CD20D97028}
		{3BF374A9-A4F1-4BB1-8EDF-658B872CB5C0} = {EC89BAF9-B9BB-4913-8172-B366CA30FA8E}
		{A8EC1375-DD5F-45D4-A98D-E287F1FAD007} = {115F9CD4-E6C1-41D3-BDB8-3C67B05BC247}
		{980890E2-8075-44B6-88D9-99F69FCA266B} = {1FD72588-F3F7-426F-9FA7-704540012E1B}
		{D71F1FF1-D0B1-4C00-BEF2-BBFBA59925E2} = {6604FF1D-0BBC-4D94-BBEF-A5C833CD76DC}
		{F87803E0-57C4-4E15-9EFF-7F635F400193} = {AC415986-5B73-4EEA-BC99-818DDF6313C7}
		{223CBEDA-7B96-46DA-B2F7-2992F83794B1} = {498B5E69-D96D-46EC-9F97-05689270F5AB}
		{16880659-0251-4E7F-A3E9-F439F3E2B237} = {F0AA2745-BAF2-4698-BDED-89358EE6144E}
		{5586ADC8-B828-4950-B92D-FE82F32643DD} = {6604FF1D-0BBC-4D94-BBEF-A5C833CD76DC}
		{D27BB568-0E09-4BF8-9D6A-9E64762DE4DC} = {5C3F8F23-CB21-4D0D-9072-575A34CD7AA2}
		{A88041A3-D477-412E-9783-2B204BC1D7D0} = {5C3F8F23-CB21-4D0D-9072-575A34CD7AA2}
	EndGlobalSection
	GlobalSection(ExtensibilityGlobals) = postSolution
		SolutionGuid = {506354B5-61A6-49A6-B2D9-747D0101A379}
	EndGlobalSection
EndGlobal
